# Generated by pub
# See https://dart.dev/tools/pub/glossary#lockfile
packages:
  animated_vector:
    dependency: transitive
    description:
      name: animated_vector
      sha256: f1beb10e6fcfd8bd15abb788e20345def786d1c7391d7c1426bb2a1f2adf2132
      url: "https://pub.dev"
    source: hosted
    version: "0.2.2"
  animated_vector_annotations:
    dependency: transitive
    description:
      name: animated_vector_annotations
      sha256: "07c1ea603a2096f7eb6f1c2b8f16c3c330c680843ea78b7782a3217c3c53f979"
      url: "https://pub.dev"
    source: hosted
    version: "0.2.2"
  archive:
    dependency: transitive
    description:
      name: archive
      sha256: "6c5bcd986e06b94e3c40244af471750840a3d2341d1f9763a1100a14add517b4"
      url: "https://pub.dev"
    source: hosted
    version: "4.3.0"
  args:
    dependency: transitive
    description:
      name: args
      sha256: d0481093c50b1da8910eb0bb301626d4d8eb7284aa739614d2b394ee09e3ea04
      url: "https://pub.dev"
    source: hosted
    version: "2.7.0"
  assorted_layout_widgets:
    dependency: transitive
    description:
      name: assorted_layout_widgets
      sha256: "86c6942f569f7f70bfb03b9cb0ada9bf5aee72264aaefdb0e2be0fbee70cfb06"
      url: "https://pub.dev"
    source: hosted
    version: "11.0.0"
  async:
    dependency: transitive
    description:
      name: async
      sha256: e2eb0491ba5ddb6177742d2da23904574082139b07c1e33b8503b9f46f3e1a37
      url: "https://pub.dev"
    source: hosted
    version: "2.13.1"
  boolean_selector:
    dependency: transitive
    description:
      name: boolean_selector
      sha256: "8aab1771e1243a5063b8b0ff68042d67334e3feab9e95b9490f9a6ebf73b42ea"
      url: "https://pub.dev"
    source: hosted
    version: "2.1.2"
  cached_network_image_ce:
    dependency: "direct main"
    description:
      name: cached_network_image_ce
      sha256: "9165bb982487e899e4b35729e821e4e2d2407fb9b0c8d4e07d3ea39e148200ba"
      url: "https://pub.dev"
    source: hosted
    version: "4.12.0"
  cached_network_image_platform_interface_ce:
    dependency: transitive
    description:
      name: cached_network_image_platform_interface_ce
      sha256: "95343645becaeac01dd6eeb9f3a85448b6076d211010ff1973e8bbfd840b571d"
      url: "https://pub.dev"
    source: hosted
    version: "5.2.0"
  cached_network_image_web_ce:
    dependency: transitive
    description:
      name: cached_network_image_web_ce
      sha256: "22cdf044cd013ff8d6eb06ce148bfe3f1106388ca2af244e2358739debb4459c"
      url: "https://pub.dev"
    source: hosted
    version: "2.1.2"
  characters:
    dependency: transitive
    description:
      name: characters
      sha256: faf38497bda5ead2a8c7615f4f7939df04333478bf32e4173fcb06d428b5716b
      url: "https://pub.dev"
    source: hosted
    version: "1.4.1"
  clock:
    dependency: transitive
    description:
      name: clock
      sha256: e51d50bca3217c9a9fa2b41a30e4a38971133f5f9ec7a3d57bae095007f1d28e
      url: "https://pub.dev"
    source: hosted
    version: "1.1.3"
  code_assets:
    dependency: transitive
    description:
      name: code_assets
      sha256: "828110d598123b5ea96c00c9f3c72105bf79f8ee36c20a39b26209ade421ec57"
      url: "https://pub.dev"
    source: hosted
    version: "2.1.0"
  collection:
    dependency: transitive
    description:
      name: collection
      sha256: "2f5709ae4d3d59dd8f7cd309b4e023046b57d8a6c82130785d2b0e5868084e76"
      url: "https://pub.dev"
    source: hosted
    version: "1.19.1"
  crypto:
    dependency: transitive
    description:
      name: crypto
      sha256: c8ea0233063ba03258fbcf2ca4d6dadfefe14f02fab57702265467a19f27fadf
      url: "https://pub.dev"
    source: hosted
    version: "3.0.7"
  dbus:
    dependency: "direct main"
    description:
      name: dbus
      sha256: a48d5da28e89bd02196e80d81ed8d7954923d00a0f4a68cc20b575038f023383
      url: "https://pub.dev"
    source: hosted
    version: "0.7.15"
  dio:
    dependency: "direct main"
    description:
      name: dio
      sha256: "852ec3b48cc431ac04fff978413c541502b67ffc3e26921e74e3d994694192c1"
      url: "https://pub.dev"
    source: hosted
    version: "5.11.1"
  dio_web_adapter:
    dependency: transitive
    description:
      name: dio_web_adapter
      sha256: "3a1b2cd7be71086f38504956e3ebcd2837288d231ff454bafa78021244102bfc"
      url: "https://pub.dev"
    source: hosted
    version: "2.2.2"
  env_variables:
    dependency: "direct main"
    description:
      name: env_variables
      sha256: "9484d893e057d2e724f02f6d185b3c9785c54f706ceb8661baf5235dacd169c0"
      url: "https://pub.dev"
    source: hosted
    version: "1.0.1"
  fake_async:
    dependency: transitive
    description:
      name: fake_async
      sha256: "5368f224a74523e8d2e7399ea1638b37aecfca824a3cc4dfdf77bf1fa905ac44"
      url: "https://pub.dev"
    source: hosted
    version: "1.3.3"
  ffi:
    dependency: transitive
    description:
      name: ffi
      sha256: "6d7fd89431262d8f3125e81b50d3847a091d846eafcd4fdb88dd06f36d705a45"
      url: "https://pub.dev"
    source: hosted
    version: "2.2.0"
  file:
    dependency: transitive
    description:
      name: file
      sha256: a3b4f84adafef897088c160faf7dfffb7696046cb13ae90b508c2cbc95d3b8d4
      url: "https://pub.dev"
    source: hosted
    version: "7.0.1"
  fixnum:
    dependency: transitive
    description:
      name: fixnum
      sha256: b6dc7065e46c974bc7c5f143080a6764ec7a4be6da1285ececdc37be96de53be
      url: "https://pub.dev"
    source: hosted
    version: "1.1.1"
  flutter:
    dependency: "direct main"
    description: flutter
    source: sdk
    version: "0.0.0"
  flutter_lints:
    dependency: "direct dev"
    description:
      name: flutter_lints
      sha256: "3105dc8492f6183fb076ccf1f351ac3d60564bff92e20bfc4af9cc1651f4e7e1"
      url: "https://pub.dev"
    source: hosted
    version: "6.0.0"
  flutter_single_instance:
    dependency: "direct main"
    description:
      name: flutter_single_instance
      sha256: "91c8a3dd16c5fc9ad8d8afc533c2f6b6318ca4905faf44f945b620f268eb094b"
      url: "https://pub.dev"
    source: hosted
    version: "1.7.0"
  flutter_svg:
    dependency: "direct main"
    description:
      name: flutter_svg
      sha256: "35882981abcbfb8c15b286f0cd690ff25bac12d95eff3e25ee207f37d4c42e7f"
      url: "https://pub.dev"
    source: hosted
    version: "2.3.0"
  flutter_test:
    dependency: "direct dev"
    description: flutter
    source: sdk
    version: "0.0.0"
  flutter_web_plugins:
    dependency: transitive
    description: flutter
    source: sdk
    version: "0.0.0"
  flutter_window_close:
    dependency: "direct main"
    description:
      name: flutter_window_close
      sha256: "7fecc628c6f6e751d279f2a988a22b5ffcc0d4c5da0bfe9b41a388803025819f"
      url: "https://pub.dev"
    source: hosted
    version: "1.3.0"
  freezed_annotation:
    dependency: transitive
    description:
      name: freezed_annotation
      sha256: "7294967ff0a6d98638e7acb774aac3af2550777accd8149c90af5b014e6d44d8"
      url: "https://pub.dev"
    source: hosted
    version: "3.1.0"
  get:
    dependency: "direct main"
    description:
      name: get
      sha256: "5ed34a7925b85336e15d472cc4cfe7d9ebf4ab8e8b9f688585bf6b50f4c3d79a"
      url: "https://pub.dev"
    source: hosted
    version: "4.7.3"
  google_cloud:
    dependency: transitive
    description:
      name: google_cloud
      sha256: b385e20726ef5315d302c5933bfb728103116c5be2d3d17094b01a82da538c1f
      url: "https://pub.dev"
    source: hosted
    version: "0.5.0"
  google_identity_services_web:
    dependency: transitive
    description:
      name: google_identity_services_web
      sha256: "5d187c46dc59e02646e10fe82665fc3884a9b71bc1c90c2b8b749316d33ee454"
      url: "https://pub.dev"
    source: hosted
    version: "0.3.3+1"
  googleapis_auth:
    dependency: transitive
    description:
      name: googleapis_auth
      sha256: d31822528becea550f7c7a9ab73a4518e31e48f201ab574be7e141f262923f27
      url: "https://pub.dev"
    source: hosted
    version: "2.3.4"
  grpc:
    dependency: transitive
    description:
      name: grpc
      sha256: "15227eeed339bd0ef5afe515cb791b2e4bec0711ab56f37cc44257bcfaedc4bf"
      url: "https://pub.dev"
    source: hosted
    version: "4.2.0"
  gsettings:
    dependency: transitive
    description:
      name: gsettings
      sha256: "1b0ce661f5436d2db1e51f3c4295a49849f03d304003a7ba177d01e3a858249c"
      url: "https://pub.dev"
    source: hosted
    version: "0.2.8"
  gtk:
    dependency: transitive
    description:
      name: gtk
      sha256: "4ff85b2a16724029dd9e5bbb5a94b6918f9973f74ba571c949d2002801879cf5"
      url: "https://pub.dev"
    source: hosted
    version: "2.2.0"
  hive_ce:
    dependency: transitive
    description:
      name: hive_ce
      sha256: "650b64282b7ea664ea58a08492d2b163ac6dc6d0ef552d0d77aac6678e1518e9"
      url: "https://pub.dev"
    source: hosted
    version: "2.20.0"
  hooks:
    dependency: transitive
    description:
      name: hooks
      sha256: eaac480a35ec0814146c2c48d96aaa829e0e44a7662c88ae84c9edf4bc35651f
      url: "https://pub.dev"
    source: hosted
    version: "2.2.0"
  http:
    dependency: transitive
    description:
      name: http
      sha256: "87721a4a50b19c7f1d49001e51409bddc46303966ce89a65af4f4e6004896412"
      url: "https://pub.dev"
    source: hosted
    version: "1.6.0"
  http2:
    dependency: transitive
    description:
      name: http2
      sha256: "382d3aefc5bd6dc68c6b892d7664f29b5beb3251611ae946a98d35158a82bbfa"
      url: "https://pub.dev"
    source: hosted
    version: "2.3.1"
  http_parser:
    dependency: transitive
    description:
      name: http_parser
      sha256: "178d74305e7866013777bab2c3d8726205dc5a4dd935297175b19a23a2e66571"
      url: "https://pub.dev"
    source: hosted
    version: "4.1.2"
  image:
    dependency: transitive
    description:
      name: image
      sha256: a1e7f4951e538a568e14b856702afc9ae1d2f4b202daced8d22c1b9cd211ce89
      url: "https://pub.dev"
    source: hosted
    version: "4.10.1"
  internet_connection_checker_plus:
    dependency: "direct main"
    description:
      name: internet_connection_checker_plus
      sha256: "43edc904d8b8a9f5a2f871e9317a352ca005641b2f158a8b22732447c9f3994e"
      url: "https://pub.dev"
    source: hosted
    version: "3.1.2"
  isolate_channel:
    dependency: transitive
    description:
      name: isolate_channel
      sha256: a9d3d620695bc984244dafae00b95e4319d6974b2d77f4b9e1eb4f2efe099094
      url: "https://pub.dev"
    source: hosted
    version: "0.6.1"
  jni:
    dependency: transitive
    description:
      name: jni
      sha256: f038e58b4dc2c9037f50e233175086337e0b305e356d28211bf55f21c504cbd3
      url: "https://pub.dev"
    source: hosted
    version: "1.0.3"
  jni_flutter:
    dependency: transitive
    description:
      name: jni_flutter
      sha256: b2310cdd4c18c65c081ab141a41efa94aa26c65431803703ece51996f174f351
      url: "https://pub.dev"
    source: hosted
    version: "1.0.3"
  jni_util:
    dependency: transitive
    description:
      name: jni_util
      sha256: "1ba86da04a5f2bf18fde2edb235587e70c5b0fc5bd4ba955f46b00942c3fc35f"
      url: "https://pub.dev"
    source: hosted
    version: "1.0.0"
  json_annotation:
    dependency: transitive
    description:
      name: json_annotation
      sha256: "2a743920d81b7910627f68ee2c9ac1fc0bfee32b9fc3403587d7c6791ca12f80"
      url: "https://pub.dev"
    source: hosted
    version: "4.12.0"
  leak_tracker:
    dependency: transitive
    description:
      name: leak_tracker
      sha256: "33e2e26bdd85a0112ec15400c8cbffea70d0f9c3407491f672a2fad47915e2de"
      url: "https://pub.dev"
    source: hosted
    version: "11.0.2"
  leak_tracker_flutter_testing:
    dependency: transitive
    description:
      name: leak_tracker_flutter_testing
      sha256: "1dbc140bb5a23c75ea9c4811222756104fbcd1a27173f0c34ca01e16bea473c1"
      url: "https://pub.dev"
    source: hosted
    version: "3.0.10"
  leak_tracker_testing:
    dependency: transitive
    description:
      name: leak_tracker_testing
      sha256: "8d5a2d49f4a66b49744b23b018848400d23e54caf9463f4eb20df3eb8acb2eb1"
      url: "https://pub.dev"
    source: hosted
    version: "3.0.2"
  lints:
    dependency: transitive
    description:
      name: lints
      sha256: "12f842a479589fea194fe5c5a3095abc7be0c1f2ddfa9a0e76aed1dbd26a87df"
      url: "https://pub.dev"
    source: hosted
    version: "6.1.0"
  logging:
    dependency: transitive
    description:
      name: logging
      sha256: c8245ada5f1717ed44271ed1c26b8ce85ca3228fd2ffdb75468ab01979309d61
      url: "https://pub.dev"
    source: hosted
    version: "1.3.0"
  matcher:
    dependency: transitive
    description:
      name: matcher
      sha256: "31bd099b47c10cd1aeb55146a2d46ce0277630ecef3f7dae54ad7873f36696cd"
      url: "https://pub.dev"
    source: hosted
    version: "0.12.20"
  material_color_utilities:
    dependency: transitive
    description:
      name: material_color_utilities
      sha256: "9c337007e82b1889149c82ed242ed1cb24a66044e30979c44912381e9be4c48b"
      url: "https://pub.dev"
    source: hosted
    version: "0.13.0"
  matrix4_transform:
    dependency: transitive
    description:
      name: matrix4_transform
      sha256: "1346e53517e3081d3e8362377be97e285e2bd348855c177eae2a18aa965cafa0"
      url: "https://pub.dev"
    source: hosted
    version: "4.0.1"
  meta:
    dependency: transitive
    description:
      name: meta
      sha256: "307249ce4ff29d58a18e97f6345f539382eb9c9c29ecda628900f31de0443dd9"
      url: "https://pub.dev"
    source: hosted
    version: "1.19.0"
  mime:
    dependency: transitive
    description:
      name: mime
      sha256: bd47de35f07e27267e69c8c8b22edf9473bfee170a60d60fcc93730c5144b7f6
      url: "https://pub.dev"
    source: hosted
    version: "2.1.0"
  objective_c:
    dependency: transitive
    description:
      name: objective_c
      sha256: ad56fd53a78ff6b1472fa59ff2a4e8b8ccabafc586fc263a1dfad0b99b5553e3
      url: "https://pub.dev"
    source: hosted
    version: "9.6.0"
  octo_image:
    dependency: transitive
    description:
      name: octo_image
      sha256: "34faa6639a78c7e3cbe79be6f9f96535867e879748ade7d17c9b1ae7536293bd"
      url: "https://pub.dev"
    source: hosted
    version: "2.1.0"
  package_config:
    dependency: transitive
    description:
      name: package_config
      sha256: ffcf4cf3d6c0b74ac43708d9f56625506e8a68aa935abe9d267a7330f320eb5d
      url: "https://pub.dev"
    source: hosted
    version: "3.0.0"
  path:
    dependency: transitive
    description:
      name: path
      sha256: "75cca69d1490965be98c73ceaea117e8a04dd21217b37b292c9ddbec0d955bc5"
      url: "https://pub.dev"
    source: hosted
    version: "1.9.1"
  path_parsing:
    dependency: transitive
    description:
      name: path_parsing
      sha256: "883402936929eac138ee0a45da5b0f2c80f89913e6dc3bf77eb65b84b409c6ca"
      url: "https://pub.dev"
    source: hosted
    version: "1.1.0"
  path_provider:
    dependency: transitive
    description:
      name: path_provider
      sha256: a7f4874f987173da295a61c181b8ee71dab59b332a486b391babf26a1b884825
      url: "https://pub.dev"
    source: hosted
    version: "2.1.6"
  path_provider_android:
    dependency: transitive
    description:
      name: path_provider_android
      sha256: "69cbd515a62b94d32a7944f086b2f82b4ac40a1d45bebfc00813a430ab2dabcd"
      url: "https://pub.dev"
    source: hosted
    version: "2.3.1"
  path_provider_foundation:
    dependency: transitive
    description:
      name: path_provider_foundation
      sha256: "2a376b7d6392d80cd3705782d2caa734ca4727776db0b6ec36ef3f1855197699"
      url: "https://pub.dev"
    source: hosted
    version: "2.6.0"
  path_provider_linux:
    dependency: transitive
    description:
      name: path_provider_linux
      sha256: "58c2005f147315b11e9b4a7bc889cd5203e250cba8e3f012dae259b4972b5c16"
      url: "https://pub.dev"
    source: hosted
    version: "2.2.2"
  path_provider_platform_interface:
    dependency: transitive
    description:
      name: path_provider_platform_interface
      sha256: "484838772624c3a4b94f1e44a3e19897fee738f2d5c4ce448443b0417f7c9dda"
      url: "https://pub.dev"
    source: hosted
    version: "2.1.3"
  path_provider_windows:
    dependency: transitive
    description:
      name: path_provider_windows
      sha256: bd6f00dbd873bfb70d0761682da2b3a2c2fccc2b9e84c495821639601d81afe7
      url: "https://pub.dev"
    source: hosted
    version: "2.3.0"
  petitparser:
    dependency: transitive
    description:
      name: petitparser
      sha256: "91bd59303e9f769f108f8df05e371341b15d59e995e6806aefab827b58336675"
      url: "https://pub.dev"
    source: hosted
    version: "7.0.2"
  platform:
    dependency: transitive
    description:
      name: platform
      sha256: a36d119c13416516a7b5913fbe8af8531e11633d784c550b2125f76c758524ec
      url: "https://pub.dev"
    source: hosted
    version: "3.2.0"
  platform_linux:
    dependency: transitive
    description:
      name: platform_linux
      sha256: "907b7c6da6ee6eea61cd1266b7bd72e2d5bbf7e85160221e8ac5583a44e7a1c7"
      url: "https://pub.dev"
    source: hosted
    version: "0.1.2+1"
  plugin_platform_interface:
    dependency: transitive
    description:
      name: plugin_platform_interface
      sha256: "4820fbfdb9478b1ebae27888254d445073732dae3d6ea81f0b7e06d5dedc3f02"
      url: "https://pub.dev"
    source: hosted
    version: "2.1.8"
  posix:
    dependency: transitive
    description:
      name: posix
      sha256: bc1bad54ad2b735816e31f8d4600cfde6c7839975085ddfbca48b6c9f7c4044e
      url: "https://pub.dev"
    source: hosted
    version: "6.5.2"
  protobuf:
    dependency: transitive
    description:
      name: protobuf
      sha256: de9c9eb2c33f8e933a42932fe1dc504800ca45ebc3d673e6ed7f39754ee4053e
      url: "https://pub.dev"
    source: hosted
    version: "4.2.0"
  pub_semver:
    dependency: transitive
    description:
      name: pub_semver
      sha256: "261236774e8b1d69cfc6b9eabbc96c40f25e7a2d6b171f3385d4f65d5734fb24"
      url: "https://pub.dev"
    source: hosted
    version: "2.2.1"
  record_use:
    dependency: transitive
    description:
      name: record_use
      sha256: "1cb8564af8d43b464294411db9217f5ec04891c6f22ee2c32d73ae05e88a6bd2"
      url: "https://pub.dev"
    source: hosted
    version: "1.1.1"
  screen_retriever:
    dependency: transitive
    description:
      name: screen_retriever
      sha256: ace919117a7520c13a50a6259e60c4a0d4cbe98809468792a91b5c5adada2aa6
      url: "https://pub.dev"
    source: hosted
    version: "0.2.2"
  screen_retriever_linux:
    dependency: transitive
    description:
      name: screen_retriever_linux
      sha256: "7b52006a5ceae1f3d5af7f77188c3290d6e7d8ded16d99809bea84967c65c257"
      url: "https://pub.dev"
    source: hosted
    version: "0.2.2"
  screen_retriever_macos:
    dependency: transitive
    description:
      name: screen_retriever_macos
      sha256: a1489b99cce597c45a54b9aae1cd94c8d4705353b7e0bb2457a6e4de44e0ad8a
      url: "https://pub.dev"
    source: hosted
    version: "0.2.2"
  screen_retriever_platform_interface:
    dependency: transitive
    description:
      name: screen_retriever_platform_interface
      sha256: "94a5535277510a63184ca178ce12a1449bc0b38618879aa1c18bf57369c5064a"
      url: "https://pub.dev"
    source: hosted
    version: "0.2.2"
  screen_retriever_windows:
    dependency: transitive
    description:
      name: screen_retriever_windows
      sha256: dafc6922b0bfbf1d48cf3ccbf519b4fff47bdcb820da1728ea6db675fecc9324
      url: "https://pub.dev"
    source: hosted
    version: "0.2.2"
  sky_engine:
    dependency: transitive
    description: flutter
    source: sdk
    version: "0.0.0"
  source_span:
    dependency: transitive
    description:
      name: source_span
      sha256: "56a02f1f4cd1a2d96303c0144c93bd6d909eea6bee6bf5a0e0b685edbd4c47ab"
      url: "https://pub.dev"
    source: hosted
    version: "1.10.2"
  stack_trace:
    dependency: transitive
    description:
      name: stack_trace
      sha256: "277654b3034d17ac6f9f1cb5595db011b1d5d41e8806866db28e0abaa101c490"
      url: "https://pub.dev"
    source: hosted
    version: "1.12.2"
  stream_channel:
    dependency: transitive
    description:
      name: stream_channel
      sha256: "969e04c80b8bcdf826f8f16579c7b14d780458bd97f56d107d3950fdbeef059d"
      url: "https://pub.dev"
    source: hosted
    version: "2.1.4"
  string_scanner:
    dependency: transitive
    description:
      name: string_scanner
      sha256: "921cd31725b72fe181906c6a94d987c78e3b98c2e205b397ea399d4054872b43"
      url: "https://pub.dev"
    source: hosted
    version: "1.4.1"
  term_glyph:
    dependency: transitive
    description:
      name: term_glyph
      sha256: "7f554798625ea768a7518313e58f83891c7f5024f88e46e7182a4558850a4b8e"
      url: "https://pub.dev"
    source: hosted
    version: "1.2.2"
  test_api:
    dependency: transitive
    description:
      name: test_api
      sha256: "2a122cbe059f8b610d3a5415f42e255b6c17b1f21eee1d960f31080237fb4f11"
      url: "https://pub.dev"
    source: hosted
    version: "0.7.12"
  typed_data:
    dependency: transitive
    description:
      name: typed_data
      sha256: f9049c039ebfeb4cf7a7104a675823cd72dba8297f264b6637062516699fa006
      url: "https://pub.dev"
    source: hosted
    version: "1.4.0"
  url_launcher:
    dependency: "direct main"
    description:
      name: url_launcher
      sha256: f6a7e5c4835bb4e3026a04793a4199ca2d14c739ec378fdfe23fc8075d0439f8
      url: "https://pub.dev"
    source: hosted
    version: "6.3.2"
  url_launcher_android:
    dependency: transitive
    description:
      name: url_launcher_android
      sha256: "611e87fb320b70d1dd721dc46af89c98aceccea9b31fde49e084591414e0c610"
      url: "https://pub.dev"
    source: hosted
    version: "6.3.33"
  url_launcher_ios:
    dependency: transitive
    description:
      name: url_launcher_ios
      sha256: "8faa1aab294f1ab4040b43660c887b0418d5fa4f0cffef76a484e6aa1092eb4a"
      url: "https://pub.dev"
    source: hosted
    version: "6.4.2"
  url_launcher_linux:
    dependency: transitive
    description:
      name: url_launcher_linux
      sha256: "10f86fef4c2c43563fa6c211ff9cf757adf4d3ab762c56bd430664a947d70cd0"
      url: "https://pub.dev"
    source: hosted
    version: "3.2.3"
  url_launcher_macos:
    dependency: transitive
    description:
      name: url_launcher_macos
      sha256: "5e835a3b869c2d70325349c81c5a45c28e20791265b67b2669da6b08c5cd5201"
      url: "https://pub.dev"
    source: hosted
    version: "3.2.6"
  url_launcher_platform_interface:
    dependency: transitive
    description:
      name: url_launcher_platform_interface
      sha256: "552f8a1e663569be95a8190206a38187b531910283c3e982193e4f2733f01029"
      url: "https://pub.dev"
    source: hosted
    version: "2.3.2"
  url_launcher_web:
    dependency: transitive
    description:
      name: url_launcher_web
      sha256: "85c81589622fbc87c1c683aaea164d3604a7777495a79d91e39ffcdec39ddb34"
      url: "https://pub.dev"
    source: hosted
    version: "2.4.3"
  url_launcher_windows:
    dependency: transitive
    description:
      name: url_launcher_windows
      sha256: "6c5ad3f22cd4c38e089b81963b3cd7bb83b111b2df5dce008bb066162f42e429"
      url: "https://pub.dev"
    source: hosted
    version: "3.1.6"
  vector_graphics:
    dependency: transitive
    description:
      name: vector_graphics
      sha256: "9d0e3b9cb16542ad660daee871e726a10d13a93b7b5391677c3160e8f5e83935"
      url: "https://pub.dev"
    source: hosted
    version: "1.2.3"
  vector_graphics_codec:
    dependency: transitive
    description:
      name: vector_graphics_codec
      sha256: "99fd9fbd34d9f9a32efd7b6a6aae14125d8237b10403b422a6a6dfeac2806146"
      url: "https://pub.dev"
    source: hosted
    version: "1.1.13"
  vector_graphics_compiler:
    dependency: transitive
    description:
      name: vector_graphics_compiler
      sha256: "4dca4feb77dc3ec7f6e27e49c53241eb8217f55e4f9b12599a27f8903bca5682"
      url: "https://pub.dev"
    source: hosted
    version: "1.3.0"
  vector_math:
    dependency: transitive
    description:
      name: vector_math
      sha256: "92b9910f66ed1057fd4da7b040ae7c74cafacf885bdc81be496928d5049b032d"
      url: "https://pub.dev"
    source: hosted
    version: "2.4.3"
  vm_service:
    dependency: transitive
    description:
      name: vm_service
      sha256: "5f37239c4851efcef929cea7824e76df7f2f0970aef85d66bbc430afa40e72f0"
      url: "https://pub.dev"
    source: hosted
    version: "15.3.0"
  web:
    dependency: transitive
    description:
      name: web
      sha256: "868d88a33d8a87b18ffc05f9f030ba328ffefba92d6c127917a2ba740f9cfe4a"
      url: "https://pub.dev"
    source: hosted
    version: "1.1.1"
  window_manager:
    dependency: transitive
    description:
      name: window_manager
      sha256: "05c231fd7b23d2380f14c5cc10b7b93d60d4fa4a2fb4e0f032de27e44b5560e9"
      url: "https://pub.dev"
    source: hosted
    version: "0.5.2"
  xdg_directories:
    dependency: transitive
    description:
      name: xdg_directories
      sha256: "7a3f37b05d989967cdddcbb571f1ea834867ae2faa29725fd085180e0883aa15"
      url: "https://pub.dev"
    source: hosted
    version: "1.1.0"
  xml:
    dependency: transitive
    description:
      name: xml
      sha256: "67f0aff7be013d107995e9b75bf4e7f2c3ef2dfdb2c8e68024bba0a7fd5756a4"
      url: "https://pub.dev"
    source: hosted
    version: "7.0.1"
  yaml:
    dependency: transitive
    description:
      name: yaml
      sha256: f67cdd8e07d3c6329146aaef1ba043542b3134c12489f553ca9a7435d1068aea
      url: "https://pub.dev"
    source: hosted
    version: "3.1.4"
  yaru:
    dependency: "direct main"
    description:
      path: "."
      ref: main
      resolved-ref: f930f8a7bf2b4dc1b48050e18fa521cda47c6722
      url: "https://github.com/ubuntu/yaru.dart.git"
    source: git
    version: "10.2.0"
  yaru_window:
    dependency: transitive
    description:
      name: yaru_window
      sha256: "58539a9abe9901891dadce142c7a5d303920b780dd0f7bd21f076a80adeeb744"
      url: "https://pub.dev"
    source: hosted
    version: "0.2.2"
  yaru_window_linux:
    dependency: transitive
    description:
      name: yaru_window_linux
      sha256: "885ad0ba5832d350c42862ce02da478599ef550280eb7f6b15285481fcff6f53"
      url: "https://pub.dev"
    source: hosted
    version: "0.2.2"
  yaru_window_manager:
    dependency: transitive
    description:
      name: yaru_window_manager
      sha256: "6288fd6ccd8bb9d5be56073c6f277e2da08dd38e346507bf88bc9332b08dd180"
      url: "https://pub.dev"
    source: hosted
    version: "0.1.3"
  yaru_window_platform_interface:
    dependency: transitive
    description:
      name: yaru_window_platform_interface
      sha256: d514387cc96750112ecf1933b6f12a1912beca199178d00052c0e87a94e232fa
      url: "https://pub.dev"
    source: hosted
    version: "0.1.3"
  yaru_window_web:
    dependency: transitive
    description:
      name: yaru_window_web
      sha256: cf4d79e0760fbdcb78d4bbca3b5563f99518629224b9e5611f0ebd592befe1d9
      url: "https://pub.dev"
    source: hosted
    version: "0.0.4"
sdks:
  dart: ">=3.12.0 <4.0.0"
  flutter: ">=3.44.0"
